
Microsoft Visual Studio Solution File, Format Version 12.00
# Visual Studio 2012
Project("{FAE04EC0-301F-11D3-BF4B-00C04F79EFBC}") = "BowlingGame", "BowlingGame\BowlingGame.csproj", "{C88FD2C1-C3C2-4446-BB2D-437BECF3D13A}"
EndProject
Project("{FAE04EC0-301F-11D3-BF4B-00C04F79EFBC}") = "GameTests", "GameTests\GameTests.csproj", "{D2809C7E-C4D2-4C31-BF1C-BB5EB9242258}"
EndProject
Global
	GlobalSection(SolutionConfigurationPlatforms) = preSolution
		Debug|Any CPU = Debug|Any CPU
		Release|Any CPU = Release|Any CPU
	EndGlobalSection
	GlobalSection(ProjectConfigurationPlatforms) = postSolution
		{C88FD2C1-C3C2-4446-BB2D-437BECF3D13A}.Debug|Any CPU.ActiveCfg = Debug|Any CPU
		{C88FD2C1-C3C2-4446-BB2D-437BECF3D13A}.Debug|Any CPU.Build.0 = Debug|Any CPU
		{C88FD2C1-C3C2-4446-BB2D-437BECF3D13A}.Release|Any CPU.ActiveCfg = Release|Any CPU
		{C88FD2C1-C3C2-4446-BB2D-437BECF3D13A}.Release|Any CPU.Build.0 = Release|Any CPU
		{D2809C7E-C4D2-4C31-BF1C-BB5EB9242258}.Debug|Any CPU.ActiveCfg = Debug|Any CPU
		{D2809C7E-C4D2-4C31-BF1C-BB5EB9242258}.Debug|Any CPU.Build.0 = Debug|Any CPU
		{D2809C7E-C4D2-4C31-BF1C-BB5EB9242258}.Release|Any CPU.ActiveCfg = Release|Any CPU
		{D2809C7E-C4D2-4C31-BF1C-BB5EB9242258}.Release|Any CPU.Build.0 = Release|Any CPU
	EndGlobalSection
	GlobalSection(SolutionProperties) = preSolution
		HideSolutionNode = FALSE
	EndGlobalSection
EndGlobal
